
Microsoft Visual Studio Solution File, Format Version 12.00
# Visual Studio 15
VisualStudioVersion = 15.0.28010.2050
MinimumVisualStudioVersion = 10.0.40219.1
Project("{9A19103F-16F7-4668-BE54-9A1E7A4F7556}") = "NuGetUtils.Lib.Common", "Code\NuGetUtils.Lib.Common\NuGetUtils.Lib.Common.csproj", "{DF62AC6C-78B6-4366-92B3-7442807FAC62}"
EndProject
Project("{9A19103F-16F7-4668-BE54-9A1E7A4F7556}") = "NuGetUtils.Lib.Restore", "Code\NuGetUtils.Lib.Restore\NuGetUtils.Lib.Restore.csproj", "{C6721169-49E2-4D30-BB1F-E9E90588E17D}"
EndProject
Project("{9A19103F-16F7-4668-BE54-9A1E7A4F7556}") = "NuGetUtils.Lib.AssemblyResolving", "Code\NuGetUtils.Lib.AssemblyResolving\NuGetUtils.Lib.AssemblyResolving.csproj", "{1492B02B-A63D-4970-A9F4-61C4294B7001}"
EndProject
Project("{9A19103F-16F7-4668-BE54-9A1E7A4F7556}") = "NuGetUtils.Lib.Deployment", "Code\NuGetUtils.Lib.Deployment\NuGetUtils.Lib.Deployment.csproj", "{510B7F6F-7910-411B-B6DC-1099FD112ABE}"
EndProject
Project("{9A19103F-16F7-4668-BE54-9A1E7A4F7556}") = "NuGetUtils.Lib.EntryPoint", "Code\NuGetUtils.Lib.EntryPoint\NuGetUtils.Lib.EntryPoint.csproj", "{1804919A-7110-46A1-9179-D5D229491460}"
EndProject
Project("{9A19103F-16F7-4668-BE54-9A1E7A4F7556}") = "NuGetUtils.Lib.Exec", "Code\NuGetUtils.Lib.Exec\NuGetUtils.Lib.Exec.csproj", "{DB07C26E-4E9C-4AA0-8689-FA1B76070A27}"
EndProject
Project("{9A19103F-16F7-4668-BE54-9A1E7A4F7556}") = "NuGetUtils.Lib.MSBuild", "Code\NuGetUtils.Lib.MSBuild\NuGetUtils.Lib.MSBuild.csproj", "{8A890835-D309-4074-8534-BCC2B3483CC0}"
EndProject
Project("{9A19103F-16F7-4668-BE54-9A1E7A4F7556}") = "NuGetUtils.Lib.Tool", "Code\NuGetUtils.Lib.Tool\NuGetUtils.Lib.Tool.csproj", "{A6097A06-8049-4085-B611-A688B5B702DC}"
EndProject
Project("{9A19103F-16F7-4668-BE54-9A1E7A4F7556}") = "NuGetUtils.MSBuild.Deployment", "Code\NuGetUtils.MSBuild.Deployment\NuGetUtils.MSBuild.Deployment.csproj", "{581CD7F4-2034-4AE3-98B8-74C463FD7282}"
EndProject
Project("{9A19103F-16F7-4668-BE54-9A1E7A4F7556}") = "NuGetUtils.MSBuild.Push", "Code\NuGetUtils.MSBuild.Push\NuGetUtils.MSBuild.Push.csproj", "{41EC2B81-5FE9-4079-AC57-3E6EC90576C4}"
EndProject
Project("{9A19103F-16F7-4668-BE54-9A1E7A4F7556}") = "NuGetUtils.Tool.Deploy", "Code\NuGetUtils.Tool.Deploy\NuGetUtils.Tool.Deploy.csproj", "{1D470AFA-7DBD-4748-AEEB-A370FA0C1614}"
EndProject
Project("{9A19103F-16F7-4668-BE54-9A1E7A4F7556}") = "NuGetUtils.Tool.Exec", "Code\NuGetUtils.Tool.Exec\NuGetUtils.Tool.Exec.csproj", "{A46BCF27-60AC-46E4-AB8D-1CB8EE6A2529}"
EndProject
Project("{9A19103F-16F7-4668-BE54-9A1E7A4F7556}") = "NuGetUtils.Tool.Restore", "Code\NuGetUtils.Tool.Restore\NuGetUtils.Tool.Restore.csproj", "{E6F04EA6-017B-45E2-A795-B3CCBAF6F24B}"
EndProject
Project("{9A19103F-16F7-4668-BE54-9A1E7A4F7556}") = "NuGetUtils.MSBuild.Exec", "Code\NuGetUtils.MSBuild.Exec\NuGetUtils.MSBuild.Exec.csproj", "{D54D0518-E800-43A5-9F86-2E69D1F6809F}"
EndProject
Global
	GlobalSection(SolutionConfigurationPlatforms) = preSolution
		Debug|Any CPU = Debug|Any CPU
		Release|Any CPU = Release|Any CPU
	EndGlobalSection
	GlobalSection(ProjectConfigurationPlatforms) = postSolution
		{DF62AC6C-78B6-4366-92B3-7442807FAC62}.Debug|Any CPU.ActiveCfg = Debug|Any CPU
		{DF62AC6C-78B6-4366-92B3-7442807FAC62}.Debug|Any CPU.Build.0 = Debug|Any CPU
		{DF62AC6C-78B6-4366-92B3-7442807FAC62}.Release|Any CPU.ActiveCfg = Release|Any CPU
		{DF62AC6C-78B6-4366-92B3-7442807FAC62}.Release|Any CPU.Build.0 = Release|Any CPU
		{C6721169-49E2-4D30-BB1F-E9E90588E17D}.Debug|Any CPU.ActiveCfg = Debug|Any CPU
		{C6721169-49E2-4D30-BB1F-E9E90588E17D}.Debug|Any CPU.Build.0 = Debug|Any CPU
		{C6721169-49E2-4D30-BB1F-E9E90588E17D}.Release|Any CPU.ActiveCfg = Release|Any CPU
		{C6721169-49E2-4D30-BB1F-E9E90588E17D}.Release|Any CPU.Build.0 = Release|Any CPU
		{1492B02B-A63D-4970-A9F4-61C4294B7001}.Debug|Any CPU.ActiveCfg = Debug|Any CPU
		{1492B02B-A63D-4970-A9F4-61C4294B7001}.Debug|Any CPU.Build.0 = Debug|Any CPU
		{1492B02B-A63D-4970-A9F4-61C4294B7001}.Release|Any CPU.ActiveCfg = Release|Any CPU
		{1492B02B-A63D-4970-A9F4-61C4294B7001}.Release|Any CPU.Build.0 = Release|Any CPU
		{510B7F6F-7910-411B-B6DC-1099FD112ABE}.Debug|Any CPU.ActiveCfg = Debug|Any CPU
		{510B7F6F-7910-411B-B6DC-1099FD112ABE}.Debug|Any CPU.Build.0 = Debug|Any CPU
		{510B7F6F-7910-411B-B6DC-1099FD112ABE}.Release|Any CPU.ActiveCfg = Release|Any CPU
		{510B7F6F-7910-411B-B6DC-1099FD112ABE}.Release|Any CPU.Build.0 = Release|Any CPU
		{1804919A-7110-46A1-9179-D5D229491460}.Debug|Any CPU.ActiveCfg = Debug|Any CPU
		{1804919A-7110-46A1-9179-D5D229491460}.Debug|Any CPU.Build.0 = Debug|Any CPU
		{1804919A-7110-46A1-9179-D5D229491460}.Release|Any CPU.ActiveCfg = Release|Any CPU
		{1804919A-7110-46A1-9179-D5D229491460}.Release|Any CPU.Build.0 = Release|Any CPU
		{DB07C26E-4E9C-4AA0-8689-FA1B76070A27}.Debug|Any CPU.ActiveCfg = Debug|Any CPU
		{DB07C26E-4E9C-4AA0-8689-FA1B76070A27}.Debug|Any CPU.Build.0 = Debug|Any CPU
		{DB07C26E-4E9C-4AA0-8689-FA1B76070A27}.Release|Any CPU.ActiveCfg = Release|Any CPU
		{DB07C26E-4E9C-4AA0-8689-FA1B76070A27}.Release|Any CPU.Build.0 = Release|Any CPU
		{8A890835-D309-4074-8534-BCC2B3483CC0}.Debug|Any CPU.ActiveCfg = Debug|Any CPU
		{8A890835-D309-4074-8534-BCC2B3483CC0}.Debug|Any CPU.Build.0 = Debug|Any CPU
		{8A890835-D309-4074-8534-BCC2B3483CC0}.Release|Any CPU.ActiveCfg = Release|Any CPU
		{8A890835-D309-4074-8534-BCC2B3483CC0}.Release|Any CPU.Build.0 = Release|Any CPU
		{A6097A06-8049-4085-B611-A688B5B702DC}.Debug|Any CPU.ActiveCfg = Debug|Any CPU
		{A6097A06-8049-4085-B611-A688B5B702DC}.Debug|Any CPU.Build.0 = Debug|Any CPU
		{A6097A06-8049-4085-B611-A688B5B702DC}.Release|Any CPU.ActiveCfg = Release|Any CPU
		{A6097A06-8049-4085-B611-A688B5B702DC}.Release|Any CPU.Build.0 = Release|Any CPU
		{581CD7F4-2034-4AE3-98B8-74C463FD7282}.Debug|Any CPU.ActiveCfg = Debug|Any CPU
		{581CD7F4-2034-4AE3-98B8-74C463FD7282}.Debug|Any CPU.Build.0 = Debug|Any CPU
		{581CD7F4-2034-4AE3-98B8-74C463FD7282}.Release|Any CPU.ActiveCfg = Release|Any CPU
		{581CD7F4-2034-4AE3-98B8-74C463FD7282}.Release|Any CPU.Build.0 = Release|Any CPU
		{41EC2B81-5FE9-4079-AC57-3E6EC90576C4}.Debug|Any CPU.ActiveCfg = Debug|Any CPU
		{41EC2B81-5FE9-4079-AC57-3E6EC90576C4}.Debug|Any CPU.Build.0 = Debug|Any CPU
		{41EC2B81-5FE9-4079-AC57-3E6EC90576C4}.Release|Any CPU.ActiveCfg = Release|Any CPU
		{41EC2B81-5FE9-4079-AC57-3E6EC90576C4}.Release|Any CPU.Build.0 = Release|Any CPU
		{1D470AFA-7DBD-4748-AEEB-A370FA0C1614}.Debug|Any CPU.ActiveCfg = Debug|Any CPU
		{1D470AFA-7DBD-4748-AEEB-A370FA0C1614}.Debug|Any CPU.Build.0 = Debug|Any CPU
		{1D470AFA-7DBD-4748-AEEB-A370FA0C1614}.Release|Any CPU.ActiveCfg = Release|Any CPU
		{1D470AFA-7DBD-4748-AEEB-A370FA0C1614}.Release|Any CPU.Build.0 = Release|Any CPU
		{A46BCF27-60AC-46E4-AB8D-1CB8EE6A2529}.Debug|Any CPU.ActiveCfg = Debug|Any CPU
		{A46BCF27-60AC-46E4-AB8D-1CB8EE6A2529}.Debug|Any CPU.Build.0 = Debug|Any CPU
		{A46BCF27-60AC-46E4-AB8D-1CB8EE6A2529}.Release|Any CPU.ActiveCfg = Release|Any CPU
		{A46BCF27-60AC-46E4-AB8D-1CB8EE6A2529}.Release|Any CPU.Build.0 = Release|Any CPU
		{E6F04EA6-017B-45E2-A795-B3CCBAF6F24B}.Debug|Any CPU.ActiveCfg = Debug|Any CPU
		{E6F04EA6-017B-45E2-A795-B3CCBAF6F24B}.Debug|Any CPU.Build.0 = Debug|Any CPU
		{E6F04EA6-017B-45E2-A795-B3CCBAF6F24B}.Release|Any CPU.ActiveCfg = Release|Any CPU
		{E6F04EA6-017B-45E2-A795-B3CCBAF6F24B}.Release|Any CPU.Build.0 = Release|Any CPU
		{D54D0518-E800-43A5-9F86-2E69D1F6809F}.Debug|Any CPU.ActiveCfg = Debug|Any CPU
		{D54D0518-E800-43A5-9F86-2E69D1F6809F}.Debug|Any CPU.Build.0 = Debug|Any CPU
		{D54D0518-E800-43A5-9F86-2E69D1F6809F}.Release|Any CPU.ActiveCfg = Release|Any CPU
		{D54D0518-E800-43A5-9F86-2E69D1F6809F}.Release|Any CPU.Build.0 = Release|Any CPU
	EndGlobalSection
	GlobalSection(SolutionProperties) = preSolution
		HideSolutionNode = FALSE
	EndGlobalSection
	GlobalSection(ExtensibilityGlobals) = postSolution
		SolutionGuid = {1D18022C-C314-4901-B4C1-25117BD446F1}
	EndGlobalSection
EndGlobal
