
Microsoft Visual Studio Solution File, Format Version 12.00
# Visual Studio 15
VisualStudioVersion = 15.0.28010.2050
MinimumVisualStudioVersion = 10.0.40219.1
Project("{9A19103F-16F7-4668-BE54-9A1E7A4F7556}") = "NuGetUtils.Lib.Common", "Code\NuGetUtils.Lib.Common\NuGetUtils.Lib.Common.csproj", "{DF62AC6C-78B6-4366-92B3-7442807FAC62}"
EndProject
Project("{9A19103F-16F7-4668-BE54-9A1E7A4F7556}") = "NuGetUtils.Lib.Restore", "Code\NuGetUtils.Lib.Restore\NuGetUtils.Lib.Restore.csproj", "{C6721169-49E2-4D30-BB1F-E9E90588E17D}"
EndProject
Project("{9A19103F-16F7-4668-BE54-9A1E7A4F7556}") = "NuGetUtils.Lib.AssemblyResolving", "Code\NuGetUtils.Lib.AssemblyResolving\NuGetUtils.Lib.AssemblyResolving.csproj", "{1492B02B-A63D-4970-A9F4-61C4294B7001}"
EndProject
Project("{9A19103F-16F7-4668-BE54-9A1E7A4F7556}") = "NuGetUtils.Lib.Deployment", "Code\NuGetUtils.Lib.Deployment\NuGetUtils.Lib.Deployment.csproj", "{510B7F6F-7910-411B-B6DC-1099FD112ABE}"
EndProject
Project("{9A19103F-16F7-4668-BE54-9A1E7A4F7556}") = "NuGetUtils.Lib.EntryPoint", "Code\NuGetUtils.Lib.EntryPoint\NuGetUtils.Lib.EntryPoint.csproj", "{1804919A-7110-46A1-9179-D5D229491460}"
EndProject
Project("{9A19103F-16F7-4668-BE54-9A1E7A4F7556}") = "NuGetUtils.Lib.Exec", "Code\NuGetUtils.Lib.Exec\NuGetUtils.Lib.Exec.csproj", "{DB07C26E-4E9C-4AA0-8689-FA1B76070A27}"
EndProject
Project("{9A19103F-16F7-4668-BE54-9A1E7A4F7556}") = "NuGetUtils.Lib.MSBuild", "Code\NuGetUtils.Lib.MSBuild\NuGetUtils.Lib.MSBuild.csproj", "{8A890835-D309-4074-8534-BCC2B3483CC0}"
EndProject
Project("{9A19103F-16F7-4668-BE54-9A1E7A4F7556}") = "NuGetUtils.Lib.Tool", "Code\NuGetUtils.Lib.Tool\NuGetUtils.Lib.Tool.csproj", "{A6097A06-8049-4085-B611-A688B5B702DC}"
EndProject
Project("{9A19103F-16F7-4668-BE54-9A1E7A4F7556}") = "NuGetUtils.MSBuild.Deployment", "Code\NuGetUtils.MSBuild.Deployment\NuGetUtils.MSBuild.Deployment.csproj", "{581CD7F4-2034-4AE3-98B8-74C463FD7282}"
EndProject
Project("{9A19103F-16F7-4668-BE54-9A1E7A4F7556}") = "NuGetUtils.MSBuild.Push", "Code\NuGetUtils.MSBuild.Push\NuGetUtils.MSBuild.Push.csproj", "{41EC2B81-5FE9-4079-AC57-3E6EC90576C4}"
EndProject
Project("{9A19103F-16F7-4668-BE54-9A1E7A4F7556}") = "NuGetUtils.Tool.Deploy", "Code\NuGetUtils.Tool.Deploy\NuGetUtils.Tool.Deploy.csproj", "{1D470AFA-7DBD-4748-AEEB-A370FA0C1614}"
EndProject
Project("{9A19103F-16F7-4668-BE54-9A1E7A4F7556}") = "NuGetUtils.Tool.Exec", "Code\NuGetUtils.Tool.Exec\NuGetUtils.Tool.Exec.csproj", "{A46BCF27-60AC-46E4-AB8D-1CB8EE6A2529}"
EndProject
Project("{9A19103F-16F7-4668-BE54-9A1E7A4F7556}") = "NuGetUtils.Tool.Restore", "Code\NuGetUtils.Tool.Restore\NuGetUtils.Tool.Restore.csproj", "{E6F04EA6-017B-45E2-A795-B3CCBAF6F24B}"
EndProject
Project("{9A19103F-16F7-4668-BE54-9A1E7A4F7556}") = "NuGetUtils.MSBuild.Exec", "Code\NuGetUtils.MSBuild.Exec\NuGetUtils.MSBuild.Exec.csproj", "{D54D0518-E800-43A5-9F86-2E69D1F6809F}"
EndProject
Project("{9A19103F-16F7-4668-BE54-9A1E7A4F7556}") = "Tests.NuGetUtils.Lib.Common", "Tests\Tests.NuGetUtils.Lib.Common\Tests.NuGetUtils.Lib.Common.csproj", "{F2485290-1BC2-48BC-878E-6F339A054D17}"
EndProject
Project("{9A19103F-16F7-4668-BE54-9A1E7A4F7556}") = "NuGetUtils.MSBuild.Exec.Perform", "NuGetUtils.MSBuild.Exec\Perform\NuGetUtils.MSBuild.Exec.Perform.csproj", "{B1AA776D-E200-4631-8BD4-AE5BF14A15C0}"
EndProject
Project("{9A19103F-16F7-4668-BE54-9A1E7A4F7556}") = "NuGetUtils.MSBuild.Exec.Inspect", "NuGetUtils.MSBuild.Exec\Inspect\NuGetUtils.MSBuild.Exec.Inspect.csproj", "{E4DF67FD-FD69-4D47-A94C-639DDFFF6F22}"
EndProject
Project("{9A19103F-16F7-4668-BE54-9A1E7A4F7556}") = "NuGetUtils.Lib.Exec.Agnostic", "Code\NuGetUtils.Lib.Exec.Agnostic\NuGetUtils.Lib.Exec.Agnostic.csproj", "{F88236B2-3A07-4A61-A29E-E8592669A876}"
EndProject
Project("{9A19103F-16F7-4668-BE54-9A1E7A4F7556}") = "NuGetUtils.Lib.Restore.Agnostic", "Code\NuGetUtils.Lib.Restore.Agnostic\NuGetUtils.Lib.Restore.Agnostic.csproj", "{1EBA2D64-551E-4F44-9B68-917989F8AFEE}"
EndProject
Project("{9A19103F-16F7-4668-BE54-9A1E7A4F7556}") = "NuGetUtils.MSBuild.Exec.Common", "NuGetUtils.MSBuild.Exec\Common\NuGetUtils.MSBuild.Exec.Common.csproj", "{961A934B-0D43-4728-B09B-BBEF9B57ADCB}"
EndProject
Project("{9A19103F-16F7-4668-BE54-9A1E7A4F7556}") = "NuGetUtils.MSBuild.Exec.Discover", "NuGetUtils.MSBuild.Exec\Discover\NuGetUtils.MSBuild.Exec.Discover.csproj", "{9B4A94AB-9F9A-4D89-83FF-36EA1F29E016}"
EndProject
Project("{9A19103F-16F7-4668-BE54-9A1E7A4F7556}") = "NuGetUtils.Lib.Tool.Agnostic", "Code\NuGetUtils.Lib.Tool.Agnostic\NuGetUtils.Lib.Tool.Agnostic.csproj", "{99CA0168-74E3-4BA0-A2F2-165E3FE7B7A0}"
EndProject
Project("{9A19103F-16F7-4668-BE54-9A1E7A4F7556}") = "Tests.NuGetUtils.MSBuild.Exec", "Tests\Tests.NuGetUtils.MSBuild.Exec\Tests.NuGetUtils.MSBuild.Exec.csproj", "{CBF89A31-3C47-433D-A6B6-B07F5F046984}"
EndProject
Project("{FAE04EC0-301F-11D3-BF4B-00C04F79EFBC}") = "TestPackage", "NuGetUtils.MSBuild.Exec\TestPackage\NuGetUtils.MSBuild.Exec.TestPackage.csproj", "{5209985E-41E0-4391-A09B-DB597C8EE4A6}"
EndProject
Global
	GlobalSection(SolutionConfigurationPlatforms) = preSolution
		Debug|Any CPU = Debug|Any CPU
		Release|Any CPU = Release|Any CPU
	EndGlobalSection
	GlobalSection(ProjectConfigurationPlatforms) = postSolution
		{DF62AC6C-78B6-4366-92B3-7442807FAC62}.Debug|Any CPU.ActiveCfg = Debug|Any CPU
		{DF62AC6C-78B6-4366-92B3-7442807FAC62}.Debug|Any CPU.Build.0 = Debug|Any CPU
		{DF62AC6C-78B6-4366-92B3-7442807FAC62}.Release|Any CPU.ActiveCfg = Release|Any CPU
		{DF62AC6C-78B6-4366-92B3-7442807FAC62}.Release|Any CPU.Build.0 = Release|Any CPU
		{C6721169-49E2-4D30-BB1F-E9E90588E17D}.Debug|Any CPU.ActiveCfg = Debug|Any CPU
		{C6721169-49E2-4D30-BB1F-E9E90588E17D}.Debug|Any CPU.Build.0 = Debug|Any CPU
		{C6721169-49E2-4D30-BB1F-E9E90588E17D}.Release|Any CPU.ActiveCfg = Release|Any CPU
		{C6721169-49E2-4D30-BB1F-E9E90588E17D}.Release|Any CPU.Build.0 = Release|Any CPU
		{1492B02B-A63D-4970-A9F4-61C4294B7001}.Debug|Any CPU.ActiveCfg = Debug|Any CPU
		{1492B02B-A63D-4970-A9F4-61C4294B7001}.Debug|Any CPU.Build.0 = Debug|Any CPU
		{1492B02B-A63D-4970-A9F4-61C4294B7001}.Release|Any CPU.ActiveCfg = Release|Any CPU
		{1492B02B-A63D-4970-A9F4-61C4294B7001}.Release|Any CPU.Build.0 = Release|Any CPU
		{510B7F6F-7910-411B-B6DC-1099FD112ABE}.Debug|Any CPU.ActiveCfg = Debug|Any CPU
		{510B7F6F-7910-411B-B6DC-1099FD112ABE}.Debug|Any CPU.Build.0 = Debug|Any CPU
		{510B7F6F-7910-411B-B6DC-1099FD112ABE}.Release|Any CPU.ActiveCfg = Release|Any CPU
		{510B7F6F-7910-411B-B6DC-1099FD112ABE}.Release|Any CPU.Build.0 = Release|Any CPU
		{1804919A-7110-46A1-9179-D5D229491460}.Debug|Any CPU.ActiveCfg = Debug|Any CPU
		{1804919A-7110-46A1-9179-D5D229491460}.Debug|Any CPU.Build.0 = Debug|Any CPU
		{1804919A-7110-46A1-9179-D5D229491460}.Release|Any CPU.ActiveCfg = Release|Any CPU
		{1804919A-7110-46A1-9179-D5D229491460}.Release|Any CPU.Build.0 = Release|Any CPU
		{DB07C26E-4E9C-4AA0-8689-FA1B76070A27}.Debug|Any CPU.ActiveCfg = Debug|Any CPU
		{DB07C26E-4E9C-4AA0-8689-FA1B76070A27}.Debug|Any CPU.Build.0 = Debug|Any CPU
		{DB07C26E-4E9C-4AA0-8689-FA1B76070A27}.Release|Any CPU.ActiveCfg = Release|Any CPU
		{DB07C26E-4E9C-4AA0-8689-FA1B76070A27}.Release|Any CPU.Build.0 = Release|Any CPU
		{8A890835-D309-4074-8534-BCC2B3483CC0}.Debug|Any CPU.ActiveCfg = Debug|Any CPU
		{8A890835-D309-4074-8534-BCC2B3483CC0}.Debug|Any CPU.Build.0 = Debug|Any CPU
		{8A890835-D309-4074-8534-BCC2B3483CC0}.Release|Any CPU.ActiveCfg = Release|Any CPU
		{8A890835-D309-4074-8534-BCC2B3483CC0}.Release|Any CPU.Build.0 = Release|Any CPU
		{A6097A06-8049-4085-B611-A688B5B702DC}.Debug|Any CPU.ActiveCfg = Debug|Any CPU
		{A6097A06-8049-4085-B611-A688B5B702DC}.Debug|Any CPU.Build.0 = Debug|Any CPU
		{A6097A06-8049-4085-B611-A688B5B702DC}.Release|Any CPU.ActiveCfg = Release|Any CPU
		{A6097A06-8049-4085-B611-A688B5B702DC}.Release|Any CPU.Build.0 = Release|Any CPU
		{581CD7F4-2034-4AE3-98B8-74C463FD7282}.Debug|Any CPU.ActiveCfg = Debug|Any CPU
		{581CD7F4-2034-4AE3-98B8-74C463FD7282}.Debug|Any CPU.Build.0 = Debug|Any CPU
		{581CD7F4-2034-4AE3-98B8-74C463FD7282}.Release|Any CPU.ActiveCfg = Release|Any CPU
		{581CD7F4-2034-4AE3-98B8-74C463FD7282}.Release|Any CPU.Build.0 = Release|Any CPU
		{41EC2B81-5FE9-4079-AC57-3E6EC90576C4}.Debug|Any CPU.ActiveCfg = Debug|Any CPU
		{41EC2B81-5FE9-4079-AC57-3E6EC90576C4}.Debug|Any CPU.Build.0 = Debug|Any CPU
		{41EC2B81-5FE9-4079-AC57-3E6EC90576C4}.Release|Any CPU.ActiveCfg = Release|Any CPU
		{41EC2B81-5FE9-4079-AC57-3E6EC90576C4}.Release|Any CPU.Build.0 = Release|Any CPU
		{1D470AFA-7DBD-4748-AEEB-A370FA0C1614}.Debug|Any CPU.ActiveCfg = Debug|Any CPU
		{1D470AFA-7DBD-4748-AEEB-A370FA0C1614}.Debug|Any CPU.Build.0 = Debug|Any CPU
		{1D470AFA-7DBD-4748-AEEB-A370FA0C1614}.Release|Any CPU.ActiveCfg = Release|Any CPU
		{1D470AFA-7DBD-4748-AEEB-A370FA0C1614}.Release|Any CPU.Build.0 = Release|Any CPU
		{A46BCF27-60AC-46E4-AB8D-1CB8EE6A2529}.Debug|Any CPU.ActiveCfg = Debug|Any CPU
		{A46BCF27-60AC-46E4-AB8D-1CB8EE6A2529}.Debug|Any CPU.Build.0 = Debug|Any CPU
		{A46BCF27-60AC-46E4-AB8D-1CB8EE6A2529}.Release|Any CPU.ActiveCfg = Release|Any CPU
		{A46BCF27-60AC-46E4-AB8D-1CB8EE6A2529}.Release|Any CPU.Build.0 = Release|Any CPU
		{E6F04EA6-017B-45E2-A795-B3CCBAF6F24B}.Debug|Any CPU.ActiveCfg = Debug|Any CPU
		{E6F04EA6-017B-45E2-A795-B3CCBAF6F24B}.Debug|Any CPU.Build.0 = Debug|Any CPU
		{E6F04EA6-017B-45E2-A795-B3CCBAF6F24B}.Release|Any CPU.ActiveCfg = Release|Any CPU
		{E6F04EA6-017B-45E2-A795-B3CCBAF6F24B}.Release|Any CPU.Build.0 = Release|Any CPU
		{D54D0518-E800-43A5-9F86-2E69D1F6809F}.Debug|Any CPU.ActiveCfg = Debug|Any CPU
		{D54D0518-E800-43A5-9F86-2E69D1F6809F}.Debug|Any CPU.Build.0 = Debug|Any CPU
		{D54D0518-E800-43A5-9F86-2E69D1F6809F}.Release|Any CPU.ActiveCfg = Release|Any CPU
		{D54D0518-E800-43A5-9F86-2E69D1F6809F}.Release|Any CPU.Build.0 = Release|Any CPU
		{F2485290-1BC2-48BC-878E-6F339A054D17}.Debug|Any CPU.ActiveCfg = Debug|Any CPU
		{F2485290-1BC2-48BC-878E-6F339A054D17}.Debug|Any CPU.Build.0 = Debug|Any CPU
		{F2485290-1BC2-48BC-878E-6F339A054D17}.Release|Any CPU.ActiveCfg = Release|Any CPU
		{F2485290-1BC2-48BC-878E-6F339A054D17}.Release|Any CPU.Build.0 = Release|Any CPU
		{B1AA776D-E200-4631-8BD4-AE5BF14A15C0}.Debug|Any CPU.ActiveCfg = Debug|Any CPU
		{B1AA776D-E200-4631-8BD4-AE5BF14A15C0}.Debug|Any CPU.Build.0 = Debug|Any CPU
		{B1AA776D-E200-4631-8BD4-AE5BF14A15C0}.Release|Any CPU.ActiveCfg = Release|Any CPU
		{B1AA776D-E200-4631-8BD4-AE5BF14A15C0}.Release|Any CPU.Build.0 = Release|Any CPU
		{E4DF67FD-FD69-4D47-A94C-639DDFFF6F22}.Debug|Any CPU.ActiveCfg = Debug|Any CPU
		{E4DF67FD-FD69-4D47-A94C-639DDFFF6F22}.Debug|Any CPU.Build.0 = Debug|Any CPU
		{E4DF67FD-FD69-4D47-A94C-639DDFFF6F22}.Release|Any CPU.ActiveCfg = Release|Any CPU
		{E4DF67FD-FD69-4D47-A94C-639DDFFF6F22}.Release|Any CPU.Build.0 = Release|Any CPU
		{F88236B2-3A07-4A61-A29E-E8592669A876}.Debug|Any CPU.ActiveCfg = Debug|Any CPU
		{F88236B2-3A07-4A61-A29E-E8592669A876}.Debug|Any CPU.Build.0 = Debug|Any CPU
		{F88236B2-3A07-4A61-A29E-E8592669A876}.Release|Any CPU.ActiveCfg = Release|Any CPU
		{F88236B2-3A07-4A61-A29E-E8592669A876}.Release|Any CPU.Build.0 = Release|Any CPU
		{1EBA2D64-551E-4F44-9B68-917989F8AFEE}.Debug|Any CPU.ActiveCfg = Debug|Any CPU
		{1EBA2D64-551E-4F44-9B68-917989F8AFEE}.Debug|Any CPU.Build.0 = Debug|Any CPU
		{1EBA2D64-551E-4F44-9B68-917989F8AFEE}.Release|Any CPU.ActiveCfg = Release|Any CPU
		{1EBA2D64-551E-4F44-9B68-917989F8AFEE}.Release|Any CPU.Build.0 = Release|Any CPU
		{961A934B-0D43-4728-B09B-BBEF9B57ADCB}.Debug|Any CPU.ActiveCfg = Debug|Any CPU
		{961A934B-0D43-4728-B09B-BBEF9B57ADCB}.Debug|Any CPU.Build.0 = Debug|Any CPU
		{961A934B-0D43-4728-B09B-BBEF9B57ADCB}.Release|Any CPU.ActiveCfg = Release|Any CPU
		{961A934B-0D43-4728-B09B-BBEF9B57ADCB}.Release|Any CPU.Build.0 = Release|Any CPU
		{9B4A94AB-9F9A-4D89-83FF-36EA1F29E016}.Debug|Any CPU.ActiveCfg = Debug|Any CPU
		{9B4A94AB-9F9A-4D89-83FF-36EA1F29E016}.Debug|Any CPU.Build.0 = Debug|Any CPU
		{9B4A94AB-9F9A-4D89-83FF-36EA1F29E016}.Release|Any CPU.ActiveCfg = Release|Any CPU
		{9B4A94AB-9F9A-4D89-83FF-36EA1F29E016}.Release|Any CPU.Build.0 = Release|Any CPU
		{99CA0168-74E3-4BA0-A2F2-165E3FE7B7A0}.Debug|Any CPU.ActiveCfg = Debug|Any CPU
		{99CA0168-74E3-4BA0-A2F2-165E3FE7B7A0}.Debug|Any CPU.Build.0 = Debug|Any CPU
		{99CA0168-74E3-4BA0-A2F2-165E3FE7B7A0}.Release|Any CPU.ActiveCfg = Release|Any CPU
		{99CA0168-74E3-4BA0-A2F2-165E3FE7B7A0}.Release|Any CPU.Build.0 = Release|Any CPU
		{CBF89A31-3C47-433D-A6B6-B07F5F046984}.Debug|Any CPU.ActiveCfg = Debug|Any CPU
		{CBF89A31-3C47-433D-A6B6-B07F5F046984}.Debug|Any CPU.Build.0 = Debug|Any CPU
		{CBF89A31-3C47-433D-A6B6-B07F5F046984}.Release|Any CPU.ActiveCfg = Release|Any CPU
		{CBF89A31-3C47-433D-A6B6-B07F5F046984}.Release|Any CPU.Build.0 = Release|Any CPU
		{5209985E-41E0-4391-A09B-DB597C8EE4A6}.Debug|Any CPU.ActiveCfg = Debug|Any CPU
		{5209985E-41E0-4391-A09B-DB597C8EE4A6}.Debug|Any CPU.Build.0 = Debug|Any CPU
		{5209985E-41E0-4391-A09B-DB597C8EE4A6}.Release|Any CPU.ActiveCfg = Release|Any CPU
		{5209985E-41E0-4391-A09B-DB597C8EE4A6}.Release|Any CPU.Build.0 = Release|Any CPU
	EndGlobalSection
	GlobalSection(SolutionProperties) = preSolution
		HideSolutionNode = FALSE
	EndGlobalSection
	GlobalSection(ExtensibilityGlobals) = postSolution
		SolutionGuid = {1D18022C-C314-4901-B4C1-25117BD446F1}
	EndGlobalSection
EndGlobal
